
Microsoft Visual Studio Solution File, Format Version 12.00
# Visual Studio Version 16
VisualStudioVersion = 16.0.31729.503
MinimumVisualStudioVersion = 10.0.40219.1
Project("{FAE04EC0-301F-11D3-BF4B-00C04F79EFBC}") = "BuzonQuejas", "BuzonQuejas.csproj", "{D98A6C48-68DF-443A-80B2-2CC5241B1DBF}"
EndProject
Global
	GlobalSection(SolutionConfigurationPlatforms) = preSolution
		Debug|Any CPU = Debug|Any CPU
		Release|Any CPU = Release|Any CPU
	EndGlobalSection
	GlobalSection(ProjectConfigurationPlatforms) = postSolution
		{D98A6C48-68DF-443A-80B2-2CC5241B1DBF}.Debug|Any CPU.ActiveCfg = Debug|Any CPU
		{D98A6C48-68DF-443A-80B2-2CC5241B1DBF}.Debug|Any CPU.Build.0 = Debug|Any CPU
		{D98A6C48-68DF-443A-80B2-2CC5241B1DBF}.Release|Any CPU.ActiveCfg = Release|Any CPU
		{D98A6C48-68DF-443A-80B2-2CC5241B1DBF}.Release|Any CPU.Build.0 = Release|Any CPU
	EndGlobalSection
	GlobalSection(SolutionProperties) = preSolution
		HideSolutionNode = FALSE
	EndGlobalSection
	GlobalSection(ExtensibilityGlobals) = postSolution
		SolutionGuid = {ED47FD4A-B0A8-4DA1-AFA4-EA6344836EFC}
	EndGlobalSection
EndGlobal
